
Microsoft Visual Studio Solution File, Format Version 12.00
# Visual Studio Version 17
VisualStudioVersion = 17.0.31903.59
MinimumVisualStudioVersion = 10.0.40219.1
Project("{FAE04EC0-301F-11D3-BF4B-00C04F79EFBC}") = "SimpleSetup", "SimpleSetup\SimpleSetup.csproj", "{6FF407D6-DC96-4E01-A278-0F28689B03D5}"
EndProject
Project("{FAE04EC0-301F-11D3-BF4B-00C04F79EFBC}") = "SimpleSetupTest", "SimpleSetupTest\SimpleSetupTest.csproj", "{ACC2931A-5973-4B90-A9D3-8C45D80D18D2}"
EndProject
Global
	GlobalSection(SolutionConfigurationPlatforms) = preSolution
		Debug|Any CPU = Debug|Any CPU
		Release|Any CPU = Release|Any CPU
	EndGlobalSection
	GlobalSection(SolutionProperties) = preSolution
		HideSolutionNode = FALSE
	EndGlobalSection
	GlobalSection(ProjectConfigurationPlatforms) = postSolution
		{6FF407D6-DC96-4E01-A278-0F28689B03D5}.Debug|Any CPU.ActiveCfg = Debug|Any CPU
		{6FF407D6-DC96-4E01-A278-0F28689B03D5}.Debug|Any CPU.Build.0 = Debug|Any CPU
		{6FF407D6-DC96-4E01-A278-0F28689B03D5}.Release|Any CPU.ActiveCfg = Release|Any CPU
		{6FF407D6-DC96-4E01-A278-0F28689B03D5}.Release|Any CPU.Build.0 = Release|Any CPU
		{ACC2931A-5973-4B90-A9D3-8C45D80D18D2}.Debug|Any CPU.ActiveCfg = Debug|Any CPU
		{ACC2931A-5973-4B90-A9D3-8C45D80D18D2}.Debug|Any CPU.Build.0 = Debug|Any CPU
		{ACC2931A-5973-4B90-A9D3-8C45D80D18D2}.Release|Any CPU.ActiveCfg = Release|Any CPU
		{ACC2931A-5973-4B90-A9D3-8C45D80D18D2}.Release|Any CPU.Build.0 = Release|Any CPU
	EndGlobalSection
EndGlobal
